// !$*UTF8*$!
{
	archiveVersion = 1;
	classes = {
	};
	objectVersion = 46;
	objects = {

/* Begin PBXBuildFile section */
		A00734F41C8E62F90063E27B /* main.cpp in Sources */ = {isa = PBXBuildFile; fileRef = A00734F31C8E62F90063E27B /* main.cpp */; };
/* End PBXBuildFile section */

/* Begin PBXCopyFilesBuildPhase section */
		A00734EE1C8E62F90063E27B /* CopyFiles */ = {
			isa = PBXCopyFilesBuildPhase;
			buildActionMask = 2147483647;
			dstPath = /usr/share/man/man1/;
			dstSubfolderSpec = 0;
			files = (
			);
			runOnlyForDeploymentPostprocessing = 1;
		};
/* End PBXCopyFilesBuildPhase section */

/* Begin PBXFileReference section */
		A00734F01C8E62F90063E27B /* beacon_probe_stream */ = {isa = PBXFileReference; explicitFileType = "compiled.mach-o.executable"; includeInIndex = 0; path = beacon_probe_stream; sourceTree = BUILT_PRODUCTS_DIR; };
		A00734F31C8E62F90063E27B /* main.cpp */ = {isa = PBXFileReference; lastKnownFileType = sourcecode.cpp.cpp; path = main.cpp; sourceTree = "<group>"; };
/* End PBXFileReference section */

/* Begin PBXFrameworksBuildPhase section */
		A00734ED1C8E62F90063E27B /* Frameworks */ = {
			isa = PBXFrameworksBuildPhase;
			buildActionMask = 2147483647;
			files = (
			);
			runOnlyForDeploymentPostprocessing = 0;
		};
/* End PBXFrameworksBuildPhase section */

/* Begin PBXGroup section */
		A00734E71C8E62F90063E27B = {
			isa = PBXGroup;
			children = (
				A00734F21C8E62F90063E27B /* beacon_probe_stream */,
				A00734F11C8E62F90063E27B /* Products */,
			);
			sourceTree = "<group>";
		};
		A00734F11C8E62F90063E27B /* Products */ = {
			isa = PBXGroup;
			children = (
				A00734F01C8E62F90063E27B /* beacon_probe_stream */,
			);
			name = Products;
			sourceTree = "<group>";
		};
		A00734F21C8E62F90063E27B /* beacon_probe_stream */ = {
			isa = PBXGroup;
			children = (
				A00734F31C8E62F90063E27B /* main.cpp */,
			);
			path = beacon_probe_stream;
			sourceTree = "<group>";
		};
/* End PBXGroup section */

/* Begin PBXNativeTarget section */
		A00734EF1C8E62F90063E27B /* beacon_probe_stream */ = {
			isa = PBXNativeTarget;
			buildConfigurationList = A00734F71C8E62F90063E27B /* Build configuration list for PBXNativeTarget "beacon_probe_stream" */;
			buildPhases = (
				A00734EC1C8E62F90063E27B /* Sources */,
				A00734ED1C8E62F90063E27B /* Frameworks */,
				A00734EE1C8E62F90063E27B /* CopyFiles */,
			);
			buildRules = (
			);
			dependencies = (
			);
			name = beacon_probe_stream;
			productName = beacon_probe_stream;
			productReference = A00734F01C8E62F90063E27B /* beacon_probe_stream */;
			productType = "com.apple.product-type.tool";
		};
/* End PBXNativeTarget section */

/* Begin PBXProject section */
		A00734E81C8E62F90063E27B /* Project object */ = {
			isa = PBXProject;
			attributes = {
				LastUpgradeCheck = 0700;
				ORGANIZATIONNAME = "Leon Eckert";
				TargetAttributes = {
					A00734EF1C8E62F90063E27B = {
						CreatedOnToolsVersion = 7.0.1;
					};
				};
			};
			buildConfigurationList = A00734EB1C8E62F90063E27B /* Build configuration list for PBXProject "beacon_probe_stream" */;
			compatibilityVersion = "Xcode 3.2";
			developmentRegion = English;
			hasScannedForEncodings = 0;
			knownRegions = (
				en,
			);
			mainGroup = A00734E71C8E62F90063E27B;
			productRefGroup = A00734F11C8E62F90063E27B /* Products */;
			projectDirPath = "";
			projectRoot = "";
			targets = (
				A00734EF1C8E62F90063E27B /* beacon_probe_stream */,
			);
		};
/* End PBXProject section */

/* Begin PBXSourcesBuildPhase section */
		A00734EC1C8E62F90063E27B /* Sources */ = {
			isa = PBXSourcesBuildPhase;
			buildActionMask = 2147483647;
			files = (
				A00734F41C8E62F90063E27B /* main.cpp in Sources */,
			);
			runOnlyForDeploymentPostprocessing = 0;
		};
/* End PBXSourcesBuildPhase section */

/* Begin XCBuildConfiguration section */
		A00734F51C8E62F90063E27B /* Debug */ = {
			isa = XCBuildConfiguration;
			buildSettings = {
				ALWAYS_SEARCH_USER_PATHS = NO;
				CLANG_CXX_LANGUAGE_STANDARD = "gnu++0x";
				CLANG_CXX_LIBRARY = "libc++";
				CLANG_ENABLE_MODULES = YES;
				CLANG_ENABLE_OBJC_ARC = YES;
				CLANG_WARN_BOOL_CONVERSION = YES;
				CLANG_WARN_CONSTANT_CONVERSION = YES;
				CLANG_WARN_DIRECT_OBJC_ISA_USAGE = YES_ERROR;
				CLANG_WARN_EMPTY_BODY = YES;
				CLANG_WARN_ENUM_CONVERSION = YES;
				CLANG_WARN_INT_CONVERSION = YES;
				CLANG_WARN_OBJC_ROOT_CLASS = YES_ERROR;
				CLANG_WARN_UNREACHABLE_CODE = YES;
				CLANG_WARN__DUPLICATE_METHOD_MATCH = YES;
				COPY_PHASE_STRIP = NO;
				DEBUG_INFORMATION_FORMAT = dwarf;
				ENABLE_STRICT_OBJC_MSGSEND = YES;
				ENABLE_TESTABILITY = YES;
				GCC_C_LANGUAGE_STANDARD = gnu99;
				GCC_DYNAMIC_NO_PIC = NO;
				GCC_NO_COMMON_BLOCKS = YES;
				GCC_OPTIMIZATION_LEVEL = 0;
				GCC_PREPROCESSOR_DEFINITIONS = (
					"DEBUG=1",
					"$(inherited)",
				);
				GCC_WARN_64_TO_32_BIT_CONVERSION = YES;
				GCC_WARN_ABOUT_RETURN_TYPE = YES_ERROR;
				GCC_WARN_UNDECLARED_SELECTOR = YES;
				GCC_WARN_UNINITIALIZED_AUTOS = YES_AGGRESSIVE;
				GCC_WARN_UNUSED_FUNCTION = YES;
				GCC_WARN_UNUSED_VARIABLE = YES;
				MACOSX_DEPLOYMENT_TARGET = 10.10;
				MTL_ENABLE_DEBUG_INFO = YES;
				ONLY_ACTIVE_ARCH = YES;
				SDKROOT = macosx;
			};
			name = Debug;
		};
		A00734F61C8E62F90063E27B /* Release */ = {
			isa = XCBuildConfiguration;
			buildSettings = {
				ALWAYS_SEARCH_USER_PATHS = NO;
				CLANG_CXX_LANGUAGE_STANDARD = "gnu++0x";
				CLANG_CXX_LIBRARY = "libc++";
				CLANG_ENABLE_MODULES = YES;
				CLANG_ENABLE_OBJC_ARC = YES;
				CLANG_WARN_BOOL_CONVERSION = YES;
				CLANG_WARN_CONSTANT_CONVERSION = YES;
				CLANG_WARN_DIRECT_OBJC_ISA_USAGE = YES_ERROR;
				CLANG_WARN_EMPTY_BODY = YES;
				CLANG_WARN_ENUM_CONVERSION = YES;
				CLANG_WARN_INT_CONVERSION = YES;
				CLANG_WARN_OBJC_ROOT_CLASS = YES_ERROR;
				CLANG_WARN_UNREACHABLE_CODE = YES;
				CLANG_WARN__DUPLICATE_METHOD_MATCH = YES;
				COPY_PHASE_STRIP = NO;
				DEBUG_INFORMATION_FORMAT = "dwarf-with-dsym";
				ENABLE_NS_ASSERTIONS = NO;
				ENABLE_STRICT_OBJC_MSGSEND = YES;
				GCC_C_LANGUAGE_STANDARD = gnu99;
				GCC_NO_COMMON_BLOCKS = YES;
				GCC_WARN_64_TO_32_BIT_CONVERSION = YES;
				GCC_WARN_ABOUT_RETURN_TYPE = YES_ERROR;
				GCC_WARN_UNDECLARED_SELECTOR = YES;
				GCC_WARN_UNINITIALIZED_AUTOS = YES_AGGRESSIVE;
				GCC_WARN_UNUSED_FUNCTION = YES;
				GCC_WARN_UNUSED_VARIABLE = YES;
				MACOSX_DEPLOYMENT_TARGET = 10.10;
				MTL_ENABLE_DEBUG_INFO = NO;
				SDKROOT = macosx;
			};
			name = Release;
		};
		A00734F81C8E62F90063E27B /* Debug */ = {
			isa = XCBuildConfiguration;
			buildSettings = {
				HEADER_SEARCH_PATHS = /usr/local/Cellar/libtins/3.3/include;
				LIBRARY_SEARCH_PATHS = "\"/usr/local/Cellar/boost/1.60.0_1/include/boost /usr/local/Cellar/boost/1.60.0_1/include";
				PRODUCT_NAME = "$(TARGET_NAME)";
			};
			name = Debug;
		};
		A00734F91C8E62F90063E27B /* Release */ = {
			isa = XCBuildConfiguration;
			buildSettings = {
				HEADER_SEARCH_PATHS = /usr/local/Cellar/libtins/3.3/include;
				LIBRARY_SEARCH_PATHS = "\"/usr/local/Cellar/boost/1.60.0_1/include/boost /usr/local/Cellar/boost/1.60.0_1/include";
				PRODUCT_NAME = "$(TARGET_NAME)";
			};
			name = Release;
		};
/* End XCBuildConfiguration section */

/* Begin XCConfigurationList section */
		A00734EB1C8E62F90063E27B /* Build configuration list for PBXProject "beacon_probe_stream" */ = {
			isa = XCConfigurationList;
			buildConfigurations = (
				A00734F51C8E62F90063E27B /* Debug */,
				A00734F61C8E62F90063E27B /* Release */,
			);
			defaultConfigurationIsVisible = 0;
			defaultConfigurationName = Release;
		};
		A00734F71C8E62F90063E27B /* Build configuration list for PBXNativeTarget "beacon_probe_stream" */ = {
			isa = XCConfigurationList;
			buildConfigurations = (
				A00734F81C8E62F90063E27B /* Debug */,
				A00734F91C8E62F90063E27B /* Release */,
			);
			defaultConfigurationIsVisible = 0;
		};
/* End XCConfigurationList section */
	};
	rootObject = A00734E81C8E62F90063E27B /* Project object */;
}
